// !$*UTF8*$!
{
	archiveVersion = 1;
	classes = {
	};
	objectVersion = 50;
	objects = {

/* Begin PBXBuildFile section */
		8B85202922DE1F250013C21E /* AppDelegate.swift in Sources */ = {isa = PBXBuildFile; fileRef = 8B85202822DE1F250013C21E /* AppDelegate.swift */; };
		8B85202B22DE1F250013C21E /* SceneDelegate.swift in Sources */ = {isa = PBXBuildFile; fileRef = 8B85202A22DE1F250013C21E /* SceneDelegate.swift */; };
		8B85202D22DE1F250013C21E /* LinkViewController.swift in Sources */ = {isa = PBXBuildFile; fileRef = 8B85202C22DE1F250013C21E /* LinkViewController.swift */; };
		8B85203022DE1F250013C21E /* Main.storyboard in Resources */ = {isa = PBXBuildFile; fileRef = 8B85202E22DE1F250013C21E /* Main.storyboard */; };
		8B85203222DE1F270013C21E /* Assets.xcassets in Resources */ = {isa = PBXBuildFile; fileRef = 8B85203122DE1F270013C21E /* Assets.xcassets */; };
		8B85203522DE1F270013C21E /* LaunchScreen.storyboard in Resources */ = {isa = PBXBuildFile; fileRef = 8B85203322DE1F270013C21E /* LaunchScreen.storyboard */; };
		8B85203E22DE1FD60013C21E /* LinkViewTableViewCell.swift in Sources */ = {isa = PBXBuildFile; fileRef = 8B85203C22DE1FD60013C21E /* LinkViewTableViewCell.swift */; };
		8B85204122DF79C90013C21E /* PageLink.swift in Sources */ = {isa = PBXBuildFile; fileRef = 8B85204022DF79C90013C21E /* PageLink.swift */; };
		8B85204322DF7A330013C21E /* ListViewController.swift in Sources */ = {isa = PBXBuildFile; fileRef = 8B85204222DF7A330013C21E /* ListViewController.swift */; };
		8B85204822E0028D0013C21E /* SubtitleTableViewCell.swift in Sources */ = {isa = PBXBuildFile; fileRef = 8B85204722E0028D0013C21E /* SubtitleTableViewCell.swift */; };
/* End PBXBuildFile section */

/* Begin PBXFileReference section */
		8B85202522DE1F250013C21E /* VisualRichLink.app */ = {isa = PBXFileReference; explicitFileType = wrapper.application; includeInIndex = 0; path = VisualRichLink.app; sourceTree = BUILT_PRODUCTS_DIR; };
		8B85202822DE1F250013C21E /* AppDelegate.swift */ = {isa = PBXFileReference; lastKnownFileType = sourcecode.swift; path = AppDelegate.swift; sourceTree = "<group>"; };
		8B85202A22DE1F250013C21E /* SceneDelegate.swift */ = {isa = PBXFileReference; lastKnownFileType = sourcecode.swift; path = SceneDelegate.swift; sourceTree = "<group>"; };
		8B85202C22DE1F250013C21E /* LinkViewController.swift */ = {isa = PBXFileReference; lastKnownFileType = sourcecode.swift; path = LinkViewController.swift; sourceTree = "<group>"; };
		8B85202F22DE1F250013C21E /* Base */ = {isa = PBXFileReference; lastKnownFileType = file.storyboard; name = Base; path = Base.lproj/Main.storyboard; sourceTree = "<group>"; };
		8B85203122DE1F270013C21E /* Assets.xcassets */ = {isa = PBXFileReference; lastKnownFileType = folder.assetcatalog; path = Assets.xcassets; sourceTree = "<group>"; };
		8B85203422DE1F270013C21E /* Base */ = {isa = PBXFileReference; lastKnownFileType = file.storyboard; name = Base; path = Base.lproj/LaunchScreen.storyboard; sourceTree = "<group>"; };
		8B85203622DE1F270013C21E /* Info.plist */ = {isa = PBXFileReference; lastKnownFileType = text.plist.xml; path = Info.plist; sourceTree = "<group>"; };
		8B85203C22DE1FD60013C21E /* LinkViewTableViewCell.swift */ = {isa = PBXFileReference; lastKnownFileType = sourcecode.swift; path = LinkViewTableViewCell.swift; sourceTree = "<group>"; };
		8B85204022DF79C90013C21E /* PageLink.swift */ = {isa = PBXFileReference; lastKnownFileType = sourcecode.swift; path = PageLink.swift; sourceTree = "<group>"; };
		8B85204222DF7A330013C21E /* ListViewController.swift */ = {isa = PBXFileReference; lastKnownFileType = sourcecode.swift; path = ListViewController.swift; sourceTree = "<group>"; };
		8B85204722E0028D0013C21E /* SubtitleTableViewCell.swift */ = {isa = PBXFileReference; lastKnownFileType = sourcecode.swift; path = SubtitleTableViewCell.swift; sourceTree = "<group>"; };
/* End PBXFileReference section */

/* Begin PBXFrameworksBuildPhase section */
		8B85202222DE1F250013C21E /* Frameworks */ = {
			isa = PBXFrameworksBuildPhase;
			buildActionMask = 2147483647;
			files = (
			);
			runOnlyForDeploymentPostprocessing = 0;
		};
/* End PBXFrameworksBuildPhase section */

/* Begin PBXGroup section */
		8B85201C22DE1F250013C21E = {
			isa = PBXGroup;
			children = (
				8B85202722DE1F250013C21E /* VisualRichLink */,
				8B85202622DE1F250013C21E /* Products */,
			);
			sourceTree = "<group>";
		};
		8B85202622DE1F250013C21E /* Products */ = {
			isa = PBXGroup;
			children = (
				8B85202522DE1F250013C21E /* VisualRichLink.app */,
			);
			name = Products;
			sourceTree = "<group>";
		};
		8B85202722DE1F250013C21E /* VisualRichLink */ = {
			isa = PBXGroup;
			children = (
				8B85204622E002640013C21E /* Models */,
				8B85204522E0025D0013C21E /* Controllers */,
				8B85204422E002550013C21E /* Cells */,
				8B85202822DE1F250013C21E /* AppDelegate.swift */,
				8B85202A22DE1F250013C21E /* SceneDelegate.swift */,
				8B85203122DE1F270013C21E /* Assets.xcassets */,
				8B85202E22DE1F250013C21E /* Main.storyboard */,
				8B85203322DE1F270013C21E /* LaunchScreen.storyboard */,
				8B85203622DE1F270013C21E /* Info.plist */,
			);
			path = VisualRichLink;
			sourceTree = "<group>";
		};
		8B85204422E002550013C21E /* Cells */ = {
			isa = PBXGroup;
			children = (
				8B85203C22DE1FD60013C21E /* LinkViewTableViewCell.swift */,
				8B85204722E0028D0013C21E /* SubtitleTableViewCell.swift */,
			);
			path = Cells;
			sourceTree = "<group>";
		};
		8B85204522E0025D0013C21E /* Controllers */ = {
			isa = PBXGroup;
			children = (
				8B85204222DF7A330013C21E /* ListViewController.swift */,
				8B85202C22DE1F250013C21E /* LinkViewController.swift */,
			);
			path = Controllers;
			sourceTree = "<group>";
		};
		8B85204622E002640013C21E /* Models */ = {
			isa = PBXGroup;
			children = (
				8B85204022DF79C90013C21E /* PageLink.swift */,
			);
			path = Models;
			sourceTree = "<group>";
		};
/* End PBXGroup section */

/* Begin PBXNativeTarget section */
		8B85202422DE1F250013C21E /* VisualRichLink */ = {
			isa = PBXNativeTarget;
			buildConfigurationList = 8B85203922DE1F270013C21E /* Build configuration list for PBXNativeTarget "VisualRichLink" */;
			buildPhases = (
				8B85202122DE1F250013C21E /* Sources */,
				8B85202222DE1F250013C21E /* Frameworks */,
				8B85202322DE1F250013C21E /* Resources */,
			);
			buildRules = (
			);
			dependencies = (
			);
			name = VisualRichLink;
			productName = VisualRichLink;
			productReference = 8B85202522DE1F250013C21E /* VisualRichLink.app */;
			productType = "com.apple.product-type.application";
		};
/* End PBXNativeTarget section */

/* Begin PBXProject section */
		8B85201D22DE1F250013C21E /* Project object */ = {
			isa = PBXProject;
			attributes = {
				LastSwiftUpdateCheck = 1100;
				LastUpgradeCheck = 1100;
				ORGANIZATIONNAME = "Alfian Losari";
				TargetAttributes = {
					8B85202422DE1F250013C21E = {
						CreatedOnToolsVersion = 11.0;
					};
				};
			};
			buildConfigurationList = 8B85202022DE1F250013C21E /* Build configuration list for PBXProject "VisualRichLink" */;
			compatibilityVersion = "Xcode 9.3";
			developmentRegion = en;
			hasScannedForEncodings = 0;
			knownRegions = (
				en,
				Base,
			);
			mainGroup = 8B85201C22DE1F250013C21E;
			productRefGroup = 8B85202622DE1F250013C21E /* Products */;
			projectDirPath = "";
			projectRoot = "";
			targets = (
				8B85202422DE1F250013C21E /* VisualRichLink */,
			);
		};
/* End PBXProject section */

/* Begin PBXResourcesBuildPhase section */
		8B85202322DE1F250013C21E /* Resources */ = {
			isa = PBXResourcesBuildPhase;
			buildActionMask = 2147483647;
			files = (
				8B85203522DE1F270013C21E /* LaunchScreen.storyboard in Resources */,
				8B85203222DE1F270013C21E /* Assets.xcassets in Resources */,
				8B85203022DE1F250013C21E /* Main.storyboard in Resources */,
			);
			runOnlyForDeploymentPostprocessing = 0;
		};
/* End PBXResourcesBuildPhase section */

/* Begin PBXSourcesBuildPhase section */
		8B85202122DE1F250013C21E /* Sources */ = {
			isa = PBXSourcesBuildPhase;
			buildActionMask = 2147483647;
			files = (
				8B85202D22DE1F250013C21E /* LinkViewController.swift in Sources */,
				8B85202922DE1F250013C21E /* AppDelegate.swift in Sources */,
				8B85204322DF7A330013C21E /* ListViewController.swift in Sources */,
				8B85204822E0028D0013C21E /* SubtitleTableViewCell.swift in Sources */,
				8B85203E22DE1FD60013C21E /* LinkViewTableViewCell.swift in Sources */,
				8B85204122DF79C90013C21E /* PageLink.swift in Sources */,
				8B85202B22DE1F250013C21E /* SceneDelegate.swift in Sources */,
			);
			runOnlyForDeploymentPostprocessing = 0;
		};
/* End PBXSourcesBuildPhase section */

/* Begin PBXVariantGroup section */
		8B85202E22DE1F250013C21E /* Main.storyboard */ = {
			isa = PBXVariantGroup;
			children = (
				8B85202F22DE1F250013C21E /* Base */,
			);
			name = Main.storyboard;
			sourceTree = "<group>";
		};
		8B85203322DE1F270013C21E /* LaunchScreen.storyboard */ = {
			isa = PBXVariantGroup;
			children = (
				8B85203422DE1F270013C21E /* Base */,
			);
			name = LaunchScreen.storyboard;
			sourceTree = "<group>";
		};
/* End PBXVariantGroup section */

/* Begin XCBuildConfiguration section */
		8B85203722DE1F270013C21E /* Debug */ = {
			isa = XCBuildConfiguration;
			buildSettings = {
				ALWAYS_SEARCH_USER_PATHS = NO;
				CLANG_ANALYZER_NONNULL = YES;
				CLANG_ANALYZER_NUMBER_OBJECT_CONVERSION = YES_AGGRESSIVE;
				CLANG_CXX_LANGUAGE_STANDARD = "gnu++14";
				CLANG_CXX_LIBRARY = "libc++";
				CLANG_ENABLE_MODULES = YES;
				CLANG_ENABLE_OBJC_ARC = YES;
				CLANG_ENABLE_OBJC_WEAK = YES;
				CLANG_WARN_BLOCK_CAPTURE_AUTORELEASING = YES;
				CLANG_WARN_BOOL_CONVERSION = YES;
				CLANG_WARN_COMMA = YES;
				CLANG_WARN_CONSTANT_CONVERSION = YES;
				CLANG_WARN_DEPRECATED_OBJC_IMPLEMENTATIONS = YES;
				CLANG_WARN_DIRECT_OBJC_ISA_USAGE = YES_ERROR;
				CLANG_WARN_DOCUMENTATION_COMMENTS = YES;
				CLANG_WARN_EMPTY_BODY = YES;
				CLANG_WARN_ENUM_CONVERSION = YES;
				CLANG_WARN_INFINITE_RECURSION = YES;
				CLANG_WARN_INT_CONVERSION = YES;
				CLANG_WARN_NON_LITERAL_NULL_CONVERSION = YES;
				CLANG_WARN_OBJC_IMPLICIT_RETAIN_SELF = YES;
				CLANG_WARN_OBJC_LITERAL_CONVERSION = YES;
				CLANG_WARN_OBJC_ROOT_CLASS = YES_ERROR;
				CLANG_WARN_RANGE_LOOP_ANALYSIS = YES;
				CLANG_WARN_STRICT_PROTOTYPES = YES;
				CLANG_WARN_SUSPICIOUS_MOVE = YES;
				CLANG_WARN_UNGUARDED_AVAILABILITY = YES_AGGRESSIVE;
				CLANG_WARN_UNREACHABLE_CODE = YES;
				CLANG_WARN__DUPLICATE_METHOD_MATCH = YES;
				COPY_PHASE_STRIP = NO;
				DEBUG_INFORMATION_FORMAT = dwarf;
				ENABLE_STRICT_OBJC_MSGSEND = YES;
				ENABLE_TESTABILITY = YES;
				GCC_C_LANGUAGE_STANDARD = gnu11;
				GCC_DYNAMIC_NO_PIC = NO;
				GCC_NO_COMMON_BLOCKS = YES;
				GCC_OPTIMIZATION_LEVEL = 0;
				GCC_PREPROCESSOR_DEFINITIONS = (
					"DEBUG=1",
					"$(inherited)",
				);
				GCC_WARN_64_TO_32_BIT_CONVERSION = YES;
				GCC_WARN_ABOUT_RETURN_TYPE = YES_ERROR;
				GCC_WARN_UNDECLARED_SELECTOR = YES;
				GCC_WARN_UNINITIALIZED_AUTOS = YES_AGGRESSIVE;
				GCC_WARN_UNUSED_FUNCTION = YES;
				GCC_WARN_UNUSED_VARIABLE = YES;
				IPHONEOS_DEPLOYMENT_TARGET = 13.0;
				MTL_ENABLE_DEBUG_INFO = INCLUDE_SOURCE;
				MTL_FAST_MATH = YES;
				ONLY_ACTIVE_ARCH = YES;
				SDKROOT = iphoneos;
				SWIFT_ACTIVE_COMPILATION_CONDITIONS = DEBUG;
				SWIFT_OPTIMIZATION_LEVEL = "-Onone";
			};
			name = Debug;
		};
		8B85203822DE1F270013C21E /* Release */ = {
			isa = XCBuildConfiguration;
			buildSettings = {
				ALWAYS_SEARCH_USER_PATHS = NO;
				CLANG_ANALYZER_NONNULL = YES;
				CLANG_ANALYZER_NUMBER_OBJECT_CONVERSION = YES_AGGRESSIVE;
				CLANG_CXX_LANGUAGE_STANDARD = "gnu++14";
				CLANG_CXX_LIBRARY = "libc++";
				CLANG_ENABLE_MODULES = YES;
				CLANG_ENABLE_OBJC_ARC = YES;
				CLANG_ENABLE_OBJC_WEAK = YES;
				CLANG_WARN_BLOCK_CAPTURE_AUTORELEASING = YES;
				CLANG_WARN_BOOL_CONVERSION = YES;
				CLANG_WARN_COMMA = YES;
				CLANG_WARN_CONSTANT_CONVERSION = YES;
				CLANG_WARN_DEPRECATED_OBJC_IMPLEMENTATIONS = YES;
				CLANG_WARN_DIRECT_OBJC_ISA_USAGE = YES_ERROR;
				CLANG_WARN_DOCUMENTATION_COMMENTS = YES;
				CLANG_WARN_EMPTY_BODY = YES;
				CLANG_WARN_ENUM_CONVERSION = YES;
				CLANG_WARN_INFINITE_RECURSION = YES;
				CLANG_WARN_INT_CONVERSION = YES;
				CLANG_WARN_NON_LITERAL_NULL_CONVERSION = YES;
				CLANG_WARN_OBJC_IMPLICIT_RETAIN_SELF = YES;
				CLANG_WARN_OBJC_LITERAL_CONVERSION = YES;
				CLANG_WARN_OBJC_ROOT_CLASS = YES_ERROR;
				CLANG_WARN_RANGE_LOOP_ANALYSIS = YES;
				CLANG_WARN_STRICT_PROTOTYPES = YES;
				CLANG_WARN_SUSPICIOUS_MOVE = YES;
				CLANG_WARN_UNGUARDED_AVAILABILITY = YES_AGGRESSIVE;
				CLANG_WARN_UNREACHABLE_CODE = YES;
				CLANG_WARN__DUPLICATE_METHOD_MATCH = YES;
				COPY_PHASE_STRIP = NO;
				DEBUG_INFORMATION_FORMAT = "dwarf-with-dsym";
				ENABLE_NS_ASSERTIONS = NO;
				ENABLE_STRICT_OBJC_MSGSEND = YES;
				GCC_C_LANGUAGE_STANDARD = gnu11;
				GCC_NO_COMMON_BLOCKS = YES;
				GCC_WARN_64_TO_32_BIT_CONVERSION = YES;
				GCC_WARN_ABOUT_RETURN_TYPE = YES_ERROR;
				GCC_WARN_UNDECLARED_SELECTOR = YES;
				GCC_WARN_UNINITIALIZED_AUTOS = YES_AGGRESSIVE;
				GCC_WARN_UNUSED_FUNCTION = YES;
				GCC_WARN_UNUSED_VARIABLE = YES;
				IPHONEOS_DEPLOYMENT_TARGET = 13.0;
				MTL_ENABLE_DEBUG_INFO = NO;
				MTL_FAST_MATH = YES;
				SDKROOT = iphoneos;
				SWIFT_COMPILATION_MODE = wholemodule;
				SWIFT_OPTIMIZATION_LEVEL = "-O";
				VALIDATE_PRODUCT = YES;
			};
			name = Release;
		};
		8B85203A22DE1F270013C21E /* Debug */ = {
			isa = XCBuildConfiguration;
			buildSettings = {
				ASSETCATALOG_COMPILER_APPICON_NAME = AppIcon;
				CODE_SIGN_STYLE = Automatic;
				DEVELOPMENT_TEAM = 5C2XD9H2JS;
				INFOPLIST_FILE = VisualRichLink/Info.plist;
				LD_RUNPATH_SEARCH_PATHS = (
					"$(inherited)",
					"@executable_path/Frameworks",
				);
				PRODUCT_BUNDLE_IDENTIFIER = com.alfianlosari.VisualRichLink;
				PRODUCT_NAME = "$(TARGET_NAME)";
				SWIFT_VERSION = 5.0;
				TARGETED_DEVICE_FAMILY = "1,2";
			};
			name = Debug;
		};
		8B85203B22DE1F270013C21E /* Release */ = {
			isa = XCBuildConfiguration;
			buildSettings = {
				ASSETCATALOG_COMPILER_APPICON_NAME = AppIcon;
				CODE_SIGN_STYLE = Automatic;
				DEVELOPMENT_TEAM = 5C2XD9H2JS;
				INFOPLIST_FILE = VisualRichLink/Info.plist;
				LD_RUNPATH_SEARCH_PATHS = (
					"$(inherited)",
					"@executable_path/Frameworks",
				);
				PRODUCT_BUNDLE_IDENTIFIER = com.alfianlosari.VisualRichLink;
				PRODUCT_NAME = "$(TARGET_NAME)";
				SWIFT_VERSION = 5.0;
				TARGETED_DEVICE_FAMILY = "1,2";
			};
			name = Release;
		};
/* End XCBuildConfiguration section */

/* Begin XCConfigurationList section */
		8B85202022DE1F250013C21E /* Build configuration list for PBXProject "VisualRichLink" */ = {
			isa = XCConfigurationList;
			buildConfigurations = (
				8B85203722DE1F270013C21E /* Debug */,
				8B85203822DE1F270013C21E /* Release */,
			);
			defaultConfigurationIsVisible = 0;
			defaultConfigurationName = Release;
		};
		8B85203922DE1F270013C21E /* Build configuration list for PBXNativeTarget "VisualRichLink" */ = {
			isa = XCConfigurationList;
			buildConfigurations = (
				8B85203A22DE1F270013C21E /* Debug */,
				8B85203B22DE1F270013C21E /* Release */,
			);
			defaultConfigurationIsVisible = 0;
			defaultConfigurationName = Release;
		};
/* End XCConfigurationList section */
	};
	rootObject = 8B85201D22DE1F250013C21E /* Project object */;
}
